
Microsoft Visual Studio Solution File, Format Version 12.00
# Visual Studio Version 16
VisualStudioVersion = 16.0.810.4
MinimumVisualStudioVersion = 10.0.40219.1
Project("{2150E333-8FDC-42A3-9474-1A3956D46DE8}") = "UI", "UI", "{FBCAF41F-FF0E-473D-9625-D8CC094F371B}"
EndProject
Project("{FAE04EC0-301F-11D3-BF4B-00C04F79EFBC}") = "iCho.UI.iOS", "iCho.UI.iOS\iCho.UI.iOS.csproj", "{05E7E632-3C05-408A-952B-06B25AC2A371}"
EndProject
Project("{FAE04EC0-301F-11D3-BF4B-00C04F79EFBC}") = "iCho.UI.Android", "iCho.UI.Android\iCho.UI.Android.csproj", "{B14759CD-B438-47A9-AEBA-417A2E8C4BC3}"
EndProject
Project("{FAE04EC0-301F-11D3-BF4B-00C04F79EFBC}") = "iCho.UI", "iCho.UI\iCho.UI.csproj", "{53893DB2-6132-48DC-A6EB-6FAF0FB2E705}"
EndProject
Project("{FAE04EC0-301F-11D3-BF4B-00C04F79EFBC}") = "iCho.Core", "iCho.Core\iCho.Core.csproj", "{E40FB04A-61BE-4004-9AF2-D880B567D064}"
EndProject
Global
	GlobalSection(SolutionConfigurationPlatforms) = preSolution
		Debug|Any CPU = Debug|Any CPU
		Release|Any CPU = Release|Any CPU
		Debug|iPhoneSimulator = Debug|iPhoneSimulator
		Release|iPhoneSimulator = Release|iPhoneSimulator
		Debug|iPhone = Debug|iPhone
		Release|iPhone = Release|iPhone
	EndGlobalSection
	GlobalSection(ProjectConfigurationPlatforms) = postSolution
		{05E7E632-3C05-408A-952B-06B25AC2A371}.Debug|Any CPU.ActiveCfg = Debug|iPhoneSimulator
		{05E7E632-3C05-408A-952B-06B25AC2A371}.Debug|Any CPU.Build.0 = Debug|iPhoneSimulator
		{05E7E632-3C05-408A-952B-06B25AC2A371}.Release|Any CPU.ActiveCfg = Release|iPhoneSimulator
		{05E7E632-3C05-408A-952B-06B25AC2A371}.Release|Any CPU.Build.0 = Release|iPhoneSimulator
		{05E7E632-3C05-408A-952B-06B25AC2A371}.Debug|iPhoneSimulator.ActiveCfg = Debug|iPhoneSimulator
		{05E7E632-3C05-408A-952B-06B25AC2A371}.Debug|iPhoneSimulator.Build.0 = Debug|iPhoneSimulator
		{05E7E632-3C05-408A-952B-06B25AC2A371}.Release|iPhoneSimulator.ActiveCfg = Release|iPhoneSimulator
		{05E7E632-3C05-408A-952B-06B25AC2A371}.Release|iPhoneSimulator.Build.0 = Release|iPhoneSimulator
		{05E7E632-3C05-408A-952B-06B25AC2A371}.Debug|iPhone.ActiveCfg = Debug|iPhone
		{05E7E632-3C05-408A-952B-06B25AC2A371}.Debug|iPhone.Build.0 = Debug|iPhone
		{05E7E632-3C05-408A-952B-06B25AC2A371}.Release|iPhone.ActiveCfg = Release|iPhone
		{05E7E632-3C05-408A-952B-06B25AC2A371}.Release|iPhone.Build.0 = Release|iPhone
		{B14759CD-B438-47A9-AEBA-417A2E8C4BC3}.Debug|Any CPU.ActiveCfg = Debug|Any CPU
		{B14759CD-B438-47A9-AEBA-417A2E8C4BC3}.Debug|Any CPU.Build.0 = Debug|Any CPU
		{B14759CD-B438-47A9-AEBA-417A2E8C4BC3}.Release|Any CPU.ActiveCfg = Release|Any CPU
		{B14759CD-B438-47A9-AEBA-417A2E8C4BC3}.Release|Any CPU.Build.0 = Release|Any CPU
		{B14759CD-B438-47A9-AEBA-417A2E8C4BC3}.Debug|iPhoneSimulator.ActiveCfg = Debug|Any CPU
		{B14759CD-B438-47A9-AEBA-417A2E8C4BC3}.Debug|iPhoneSimulator.Build.0 = Debug|Any CPU
		{B14759CD-B438-47A9-AEBA-417A2E8C4BC3}.Release|iPhoneSimulator.ActiveCfg = Release|Any CPU
		{B14759CD-B438-47A9-AEBA-417A2E8C4BC3}.Release|iPhoneSimulator.Build.0 = Release|Any CPU
		{B14759CD-B438-47A9-AEBA-417A2E8C4BC3}.Debug|iPhone.ActiveCfg = Debug|Any CPU
		{B14759CD-B438-47A9-AEBA-417A2E8C4BC3}.Debug|iPhone.Build.0 = Debug|Any CPU
		{B14759CD-B438-47A9-AEBA-417A2E8C4BC3}.Release|iPhone.ActiveCfg = Release|Any CPU
		{B14759CD-B438-47A9-AEBA-417A2E8C4BC3}.Release|iPhone.Build.0 = Release|Any CPU
		{53893DB2-6132-48DC-A6EB-6FAF0FB2E705}.Debug|Any CPU.ActiveCfg = Debug|Any CPU
		{53893DB2-6132-48DC-A6EB-6FAF0FB2E705}.Debug|Any CPU.Build.0 = Debug|Any CPU
		{53893DB2-6132-48DC-A6EB-6FAF0FB2E705}.Release|Any CPU.ActiveCfg = Release|Any CPU
		{53893DB2-6132-48DC-A6EB-6FAF0FB2E705}.Release|Any CPU.Build.0 = Release|Any CPU
		{53893DB2-6132-48DC-A6EB-6FAF0FB2E705}.Debug|iPhoneSimulator.ActiveCfg = Debug|Any CPU
		{53893DB2-6132-48DC-A6EB-6FAF0FB2E705}.Debug|iPhoneSimulator.Build.0 = Debug|Any CPU
		{53893DB2-6132-48DC-A6EB-6FAF0FB2E705}.Release|iPhoneSimulator.ActiveCfg = Release|Any CPU
		{53893DB2-6132-48DC-A6EB-6FAF0FB2E705}.Release|iPhoneSimulator.Build.0 = Release|Any CPU
		{53893DB2-6132-48DC-A6EB-6FAF0FB2E705}.Debug|iPhone.ActiveCfg = Debug|Any CPU
		{53893DB2-6132-48DC-A6EB-6FAF0FB2E705}.Debug|iPhone.Build.0 = Debug|Any CPU
		{53893DB2-6132-48DC-A6EB-6FAF0FB2E705}.Release|iPhone.ActiveCfg = Release|Any CPU
		{53893DB2-6132-48DC-A6EB-6FAF0FB2E705}.Release|iPhone.Build.0 = Release|Any CPU
		{E40FB04A-61BE-4004-9AF2-D880B567D064}.Debug|Any CPU.ActiveCfg = Debug|Any CPU
		{E40FB04A-61BE-4004-9AF2-D880B567D064}.Debug|Any CPU.Build.0 = Debug|Any CPU
		{E40FB04A-61BE-4004-9AF2-D880B567D064}.Release|Any CPU.ActiveCfg = Release|Any CPU
		{E40FB04A-61BE-4004-9AF2-D880B567D064}.Release|Any CPU.Build.0 = Release|Any CPU
		{E40FB04A-61BE-4004-9AF2-D880B567D064}.Debug|iPhoneSimulator.ActiveCfg = Debug|Any CPU
		{E40FB04A-61BE-4004-9AF2-D880B567D064}.Debug|iPhoneSimulator.Build.0 = Debug|Any CPU
		{E40FB04A-61BE-4004-9AF2-D880B567D064}.Release|iPhoneSimulator.ActiveCfg = Release|Any CPU
		{E40FB04A-61BE-4004-9AF2-D880B567D064}.Release|iPhoneSimulator.Build.0 = Release|Any CPU
		{E40FB04A-61BE-4004-9AF2-D880B567D064}.Debug|iPhone.ActiveCfg = Debug|Any CPU
		{E40FB04A-61BE-4004-9AF2-D880B567D064}.Debug|iPhone.Build.0 = Debug|Any CPU
		{E40FB04A-61BE-4004-9AF2-D880B567D064}.Release|iPhone.ActiveCfg = Release|Any CPU
		{E40FB04A-61BE-4004-9AF2-D880B567D064}.Release|iPhone.Build.0 = Release|Any CPU
	EndGlobalSection
	GlobalSection(SolutionProperties) = preSolution
		HideSolutionNode = FALSE
	EndGlobalSection
	GlobalSection(ExtensibilityGlobals) = postSolution
		SolutionGuid = {1FA4E8DF-DD59-4BB3-A01C-B226B6C84121}
	EndGlobalSection
	GlobalSection(NestedProjects) = preSolution
		{05E7E632-3C05-408A-952B-06B25AC2A371} = {FBCAF41F-FF0E-473D-9625-D8CC094F371B}
		{B14759CD-B438-47A9-AEBA-417A2E8C4BC3} = {FBCAF41F-FF0E-473D-9625-D8CC094F371B}
		{53893DB2-6132-48DC-A6EB-6FAF0FB2E705} = {FBCAF41F-FF0E-473D-9625-D8CC094F371B}
	EndGlobalSection
EndGlobal
